{
  "version": "4",
  "remote": {
    "https://deno.land/std@0.220.1/dotenv/mod.ts": "0180eaeedaaf88647318811cdaa418cc64dc51fb08354f91f5f480d0a1309f7d",
    "https://deno.land/std@0.220.1/dotenv/parse.ts": "09977ff88dfd1f24f9973a338f0f91bbdb9307eb5ff6085446e7c423e4c7ba0c",
    "https://deno.land/std@0.220.1/dotenv/stringify.ts": "0047ad7068289735d08964046aea267a750c141b494ca0e38831b89be6c020c2"
  },
  "workspace": {
    "dependencies": [
      "npm:@modelcontextprotocol/sdk@*"
    ],
    "packageJson": {
      "dependencies": [
        "npm:@babel/core@^7.26.10",
        "npm:@babel/preset-env@^7.26.9",
        "npm:@modelcontextprotocol/sdk@^1.8.0",
        "npm:@types/node@^20.11.30",
        "npm:babel-jest@^29.7.0",
        "npm:jest@^29.5.0",
        "npm:typescript@^5.4.5",
        "npm:uuid@^11.1.0",
        "npm:ws@^8.18.1"
      ]
    }
  }
}
